
Microsoft Visual Studio Solution File, Format Version 12.00
# Visual Studio 2013
VisualStudioVersion = 12.0.21005.1
MinimumVisualStudioVersion = 10.0.40219.1
Project("{2150E333-8FDC-42A3-9474-1A3956D46DE8}") = "Core", "Core", "{EE73E1B5-6BC5-4B37-B688-F787F2B3CECF}"
EndProject
Project("{FAE04EC0-301F-11D3-BF4B-00C04F79EFBC}") = "DomainModel", "DomainModel\DomainModel.csproj", "{25223F10-EAFB-47B5-BE0A-0340D31AED4D}"
EndProject
Project("{FAE04EC0-301F-11D3-BF4B-00C04F79EFBC}") = "Interfaces", "Interfaces\Interfaces.csproj", "{2C93876D-97DD-4E93-896D-3BB34412E9AC}"
EndProject
Project("{2150E333-8FDC-42A3-9474-1A3956D46DE8}") = "Application", "Application", "{DA966B19-0F8C-4B7A-831F-A1A89645CEAB}"
EndProject
Project("{2150E333-8FDC-42A3-9474-1A3956D46DE8}") = "Infrastructure", "Infrastructure", "{478037E4-46D3-4F48-AAEC-996EC68A34C2}"
EndProject
Project("{2150E333-8FDC-42A3-9474-1A3956D46DE8}") = "Mocks", "Mocks", "{9E7063B0-A37D-4DBD-B17E-CEF244A24A38}"
EndProject
Project("{2150E333-8FDC-42A3-9474-1A3956D46DE8}") = "Tests", "Tests", "{97E083DF-4E3C-4B21-93AC-E8ED87C0ACAD}"
EndProject
Project("{2150E333-8FDC-42A3-9474-1A3956D46DE8}") = "Shared", "Shared", "{3CC3FA56-8270-42B4-AA2C-00EE8578E35E}"
EndProject
Project("{FAE04EC0-301F-11D3-BF4B-00C04F79EFBC}") = "ViewModel", "ViewModel\ViewModel.csproj", "{5AF166AD-B7F3-4C44-9291-9DE5A662CFD5}"
EndProject
Project("{FAE04EC0-301F-11D3-BF4B-00C04F79EFBC}") = "Application", "Application\Application.csproj", "{5085EC97-01D4-45C7-A647-51DFCA22E205}"
EndProject
Project("{FAE04EC0-301F-11D3-BF4B-00C04F79EFBC}") = "InfrastructureDB", "InfrastructureDB\InfrastructureDB.csproj", "{412631A6-F80A-4458-8B2D-A64F2D86A76D}"
EndProject
Project("{FAE04EC0-301F-11D3-BF4B-00C04F79EFBC}") = "Moks", "Moks\Moks.csproj", "{FD172D63-EB54-4836-BC4E-F4341ACB0EC1}"
EndProject
Project("{FAE04EC0-301F-11D3-BF4B-00C04F79EFBC}") = "SharedKernel", "SharedKernel\SharedKernel.csproj", "{FD0873F0-00CD-44E9-8899-C8E771BFB06B}"
EndProject
Project("{FAE04EC0-301F-11D3-BF4B-00C04F79EFBC}") = "UnitTest", "UnitTest\UnitTest.csproj", "{74C729A3-1D6A-48EF-9CD4-B2B545DA627C}"
EndProject
Project("{2150E333-8FDC-42A3-9474-1A3956D46DE8}") = "Web", "Web", "{434A881C-00E7-40E9-9F6B-74841F2BF929}"
EndProject
Project("{FAE04EC0-301F-11D3-BF4B-00C04F79EFBC}") = "WebProject", "WebProject\WebProject.csproj", "{BF6BF23F-F7B9-49A6-A219-7BA051E364CB}"
EndProject
Project("{FAE04EC0-301F-11D3-BF4B-00C04F79EFBC}") = "Infrastructure", "Infrastructure\Infrastructure.csproj", "{AB23A2CC-4B74-43E3-BADF-CFAC8D8DD28B}"
EndProject
Global
	GlobalSection(SolutionConfigurationPlatforms) = preSolution
		Debug|Any CPU = Debug|Any CPU
		Release|Any CPU = Release|Any CPU
	EndGlobalSection
	GlobalSection(ProjectConfigurationPlatforms) = postSolution
		{25223F10-EAFB-47B5-BE0A-0340D31AED4D}.Debug|Any CPU.ActiveCfg = Debug|Any CPU
		{25223F10-EAFB-47B5-BE0A-0340D31AED4D}.Debug|Any CPU.Build.0 = Debug|Any CPU
		{25223F10-EAFB-47B5-BE0A-0340D31AED4D}.Release|Any CPU.ActiveCfg = Release|Any CPU
		{25223F10-EAFB-47B5-BE0A-0340D31AED4D}.Release|Any CPU.Build.0 = Release|Any CPU
		{2C93876D-97DD-4E93-896D-3BB34412E9AC}.Debug|Any CPU.ActiveCfg = Debug|Any CPU
		{2C93876D-97DD-4E93-896D-3BB34412E9AC}.Debug|Any CPU.Build.0 = Debug|Any CPU
		{2C93876D-97DD-4E93-896D-3BB34412E9AC}.Release|Any CPU.ActiveCfg = Release|Any CPU
		{2C93876D-97DD-4E93-896D-3BB34412E9AC}.Release|Any CPU.Build.0 = Release|Any CPU
		{5AF166AD-B7F3-4C44-9291-9DE5A662CFD5}.Debug|Any CPU.ActiveCfg = Debug|Any CPU
		{5AF166AD-B7F3-4C44-9291-9DE5A662CFD5}.Debug|Any CPU.Build.0 = Debug|Any CPU
		{5AF166AD-B7F3-4C44-9291-9DE5A662CFD5}.Release|Any CPU.ActiveCfg = Release|Any CPU
		{5AF166AD-B7F3-4C44-9291-9DE5A662CFD5}.Release|Any CPU.Build.0 = Release|Any CPU
		{5085EC97-01D4-45C7-A647-51DFCA22E205}.Debug|Any CPU.ActiveCfg = Debug|Any CPU
		{5085EC97-01D4-45C7-A647-51DFCA22E205}.Debug|Any CPU.Build.0 = Debug|Any CPU
		{5085EC97-01D4-45C7-A647-51DFCA22E205}.Release|Any CPU.ActiveCfg = Release|Any CPU
		{5085EC97-01D4-45C7-A647-51DFCA22E205}.Release|Any CPU.Build.0 = Release|Any CPU
		{412631A6-F80A-4458-8B2D-A64F2D86A76D}.Debug|Any CPU.ActiveCfg = Debug|Any CPU
		{412631A6-F80A-4458-8B2D-A64F2D86A76D}.Debug|Any CPU.Build.0 = Debug|Any CPU
		{412631A6-F80A-4458-8B2D-A64F2D86A76D}.Release|Any CPU.ActiveCfg = Release|Any CPU
		{412631A6-F80A-4458-8B2D-A64F2D86A76D}.Release|Any CPU.Build.0 = Release|Any CPU
		{FD172D63-EB54-4836-BC4E-F4341ACB0EC1}.Debug|Any CPU.ActiveCfg = Debug|Any CPU
		{FD172D63-EB54-4836-BC4E-F4341ACB0EC1}.Debug|Any CPU.Build.0 = Debug|Any CPU
		{FD172D63-EB54-4836-BC4E-F4341ACB0EC1}.Release|Any CPU.ActiveCfg = Release|Any CPU
		{FD172D63-EB54-4836-BC4E-F4341ACB0EC1}.Release|Any CPU.Build.0 = Release|Any CPU
		{FD0873F0-00CD-44E9-8899-C8E771BFB06B}.Debug|Any CPU.ActiveCfg = Debug|Any CPU
		{FD0873F0-00CD-44E9-8899-C8E771BFB06B}.Debug|Any CPU.Build.0 = Debug|Any CPU
		{FD0873F0-00CD-44E9-8899-C8E771BFB06B}.Release|Any CPU.ActiveCfg = Release|Any CPU
		{FD0873F0-00CD-44E9-8899-C8E771BFB06B}.Release|Any CPU.Build.0 = Release|Any CPU
		{74C729A3-1D6A-48EF-9CD4-B2B545DA627C}.Debug|Any CPU.ActiveCfg = Debug|Any CPU
		{74C729A3-1D6A-48EF-9CD4-B2B545DA627C}.Debug|Any CPU.Build.0 = Debug|Any CPU
		{74C729A3-1D6A-48EF-9CD4-B2B545DA627C}.Release|Any CPU.ActiveCfg = Release|Any CPU
		{74C729A3-1D6A-48EF-9CD4-B2B545DA627C}.Release|Any CPU.Build.0 = Release|Any CPU
		{BF6BF23F-F7B9-49A6-A219-7BA051E364CB}.Debug|Any CPU.ActiveCfg = Debug|Any CPU
		{BF6BF23F-F7B9-49A6-A219-7BA051E364CB}.Debug|Any CPU.Build.0 = Debug|Any CPU
		{BF6BF23F-F7B9-49A6-A219-7BA051E364CB}.Release|Any CPU.ActiveCfg = Release|Any CPU
		{BF6BF23F-F7B9-49A6-A219-7BA051E364CB}.Release|Any CPU.Build.0 = Release|Any CPU
		{AB23A2CC-4B74-43E3-BADF-CFAC8D8DD28B}.Debug|Any CPU.ActiveCfg = Debug|Any CPU
		{AB23A2CC-4B74-43E3-BADF-CFAC8D8DD28B}.Debug|Any CPU.Build.0 = Debug|Any CPU
		{AB23A2CC-4B74-43E3-BADF-CFAC8D8DD28B}.Release|Any CPU.ActiveCfg = Release|Any CPU
		{AB23A2CC-4B74-43E3-BADF-CFAC8D8DD28B}.Release|Any CPU.Build.0 = Release|Any CPU
	EndGlobalSection
	GlobalSection(SolutionProperties) = preSolution
		HideSolutionNode = FALSE
	EndGlobalSection
	GlobalSection(NestedProjects) = preSolution
		{25223F10-EAFB-47B5-BE0A-0340D31AED4D} = {EE73E1B5-6BC5-4B37-B688-F787F2B3CECF}
		{2C93876D-97DD-4E93-896D-3BB34412E9AC} = {EE73E1B5-6BC5-4B37-B688-F787F2B3CECF}
		{5AF166AD-B7F3-4C44-9291-9DE5A662CFD5} = {DA966B19-0F8C-4B7A-831F-A1A89645CEAB}
		{5085EC97-01D4-45C7-A647-51DFCA22E205} = {DA966B19-0F8C-4B7A-831F-A1A89645CEAB}
		{412631A6-F80A-4458-8B2D-A64F2D86A76D} = {478037E4-46D3-4F48-AAEC-996EC68A34C2}
		{AB23A2CC-4B74-43E3-BADF-CFAC8D8DD28B} = {478037E4-46D3-4F48-AAEC-996EC68A34C2}
		{FD172D63-EB54-4836-BC4E-F4341ACB0EC1} = {9E7063B0-A37D-4DBD-B17E-CEF244A24A38}
		{74C729A3-1D6A-48EF-9CD4-B2B545DA627C} = {97E083DF-4E3C-4B21-93AC-E8ED87C0ACAD}
		{FD0873F0-00CD-44E9-8899-C8E771BFB06B} = {3CC3FA56-8270-42B4-AA2C-00EE8578E35E}
		{BF6BF23F-F7B9-49A6-A219-7BA051E364CB} = {434A881C-00E7-40E9-9F6B-74841F2BF929}
	EndGlobalSection
EndGlobal
